
Microsoft Visual Studio Solution File, Format Version 12.00
# Visual Studio 15
Project("{FAE04EC0-301F-11D3-BF4B-00C04F79EFBC}") = "Assembly-CSharp", "Assembly-CSharp.csproj", "{E24753FE-3957-DDDA-5E1C-FABCE5F356BA}"
EndProject
Project("{FAE04EC0-301F-11D3-BF4B-00C04F79EFBC}") = "Assembly-CSharp-Editor", "Assembly-CSharp-Editor.csproj", "{45452116-8280-DA1F-E1FA-A37C2B3EE2E8}"
EndProject
Global
	GlobalSection(SolutionConfigurationPlatforms) = preSolution
		Debug|Any CPU = Debug|Any CPU
		Release|Any CPU = Release|Any CPU
	EndGlobalSection
	GlobalSection(ProjectConfigurationPlatforms) = postSolution
		{E24753FE-3957-DDDA-5E1C-FABCE5F356BA}.Debug|Any CPU.ActiveCfg = Debug|Any CPU
		{E24753FE-3957-DDDA-5E1C-FABCE5F356BA}.Debug|Any CPU.Build.0 = Debug|Any CPU
		{E24753FE-3957-DDDA-5E1C-FABCE5F356BA}.Release|Any CPU.ActiveCfg = Release|Any CPU
		{E24753FE-3957-DDDA-5E1C-FABCE5F356BA}.Release|Any CPU.Build.0 = Release|Any CPU
		{45452116-8280-DA1F-E1FA-A37C2B3EE2E8}.Debug|Any CPU.ActiveCfg = Debug|Any CPU
		{45452116-8280-DA1F-E1FA-A37C2B3EE2E8}.Debug|Any CPU.Build.0 = Debug|Any CPU
		{45452116-8280-DA1F-E1FA-A37C2B3EE2E8}.Release|Any CPU.ActiveCfg = Release|Any CPU
		{45452116-8280-DA1F-E1FA-A37C2B3EE2E8}.Release|Any CPU.Build.0 = Release|Any CPU
	EndGlobalSection
	GlobalSection(SolutionProperties) = preSolution
		HideSolutionNode = FALSE
	EndGlobalSection
EndGlobal
